// !$*UTF8*$!
{
	archiveVersion = 1;
	classes = {
	};
	objectVersion = 50;
	objects = {

/* Begin PBXBuildFile section */
		4FDEB6E821E2F18600EBC1F1 /* XcodeFramework.framework in Frameworks */ = {isa = PBXBuildFile; fileRef = 4FDEB6DE21E2F18600EBC1F1 /* XcodeFramework.framework */; };
		4FDEB6ED21E2F18600EBC1F1 /* XcodeFrameworkTests.m in Sources */ = {isa = PBXBuildFile; fileRef = 4FDEB6EC21E2F18600EBC1F1 /* XcodeFrameworkTests.m */; };
		4FDEB6EF21E2F18600EBC1F1 /* XcodeFramework.h in Headers */ = {isa = PBXBuildFile; fileRef = 4FDEB6E121E2F18600EBC1F1 /* XcodeFramework.h */; settings = {ATTRIBUTES = (Public, ); }; };
/* End PBXBuildFile section */

/* Begin PBXContainerItemProxy section */
		4FDEB6E921E2F18600EBC1F1 /* PBXContainerItemProxy */ = {
			isa = PBXContainerItemProxy;
			containerPortal = 4FDEB6D521E2F18600EBC1F1 /* Project object */;
			proxyType = 1;
			remoteGlobalIDString = 4FDEB6DD21E2F18600EBC1F1;
			remoteInfo = XcodeFramework;
		};
/* End PBXContainerItemProxy section */

/* Begin PBXFileReference section */
		4FDEB6DE21E2F18600EBC1F1 /* XcodeFramework.framework */ = {isa = PBXFileReference; explicitFileType = wrapper.framework; includeInIndex = 0; path = XcodeFramework.framework; sourceTree = BUILT_PRODUCTS_DIR; };
		4FDEB6E121E2F18600EBC1F1 /* XcodeFramework.h */ = {isa = PBXFileReference; lastKnownFileType = sourcecode.c.h; path = XcodeFramework.h; sourceTree = "<group>"; };
		4FDEB6E221E2F18600EBC1F1 /* Info.plist */ = {isa = PBXFileReference; lastKnownFileType = text.plist.xml; path = Info.plist; sourceTree = "<group>"; };
		4FDEB6E721E2F18600EBC1F1 /* XcodeFrameworkTests.xctest */ = {isa = PBXFileReference; explicitFileType = wrapper.cfbundle; includeInIndex = 0; path = XcodeFrameworkTests.xctest; sourceTree = BUILT_PRODUCTS_DIR; };
		4FDEB6EC21E2F18600EBC1F1 /* XcodeFrameworkTests.m */ = {isa = PBXFileReference; lastKnownFileType = sourcecode.c.objc; path = XcodeFrameworkTests.m; sourceTree = "<group>"; };
		4FDEB6EE21E2F18600EBC1F1 /* Info.plist */ = {isa = PBXFileReference; lastKnownFileType = text.plist.xml; path = Info.plist; sourceTree = "<group>"; };
/* End PBXFileReference section */

/* Begin PBXFrameworksBuildPhase section */
		4FDEB6DB21E2F18600EBC1F1 /* Frameworks */ = {
			isa = PBXFrameworksBuildPhase;
			buildActionMask = 2147483647;
			files = (
			);
			runOnlyForDeploymentPostprocessing = 0;
		};
		4FDEB6E421E2F18600EBC1F1 /* Frameworks */ = {
			isa = PBXFrameworksBuildPhase;
			buildActionMask = 2147483647;
			files = (
				4FDEB6E821E2F18600EBC1F1 /* XcodeFramework.framework in Frameworks */,
			);
			runOnlyForDeploymentPostprocessing = 0;
		};
/* End PBXFrameworksBuildPhase section */

/* Begin PBXGroup section */
		4FDEB6D421E2F18600EBC1F1 = {
			isa = PBXGroup;
			children = (
				4FDEB6E021E2F18600EBC1F1 /* XcodeFramework */,
				4FDEB6EB21E2F18600EBC1F1 /* XcodeFrameworkTests */,
				4FDEB6DF21E2F18600EBC1F1 /* Products */,
			);
			sourceTree = "<group>";
		};
		4FDEB6DF21E2F18600EBC1F1 /* Products */ = {
			isa = PBXGroup;
			children = (
				4FDEB6DE21E2F18600EBC1F1 /* XcodeFramework.framework */,
				4FDEB6E721E2F18600EBC1F1 /* XcodeFrameworkTests.xctest */,
			);
			name = Products;
			sourceTree = "<group>";
		};
		4FDEB6E021E2F18600EBC1F1 /* XcodeFramework */ = {
			isa = PBXGroup;
			children = (
				4FDEB6E121E2F18600EBC1F1 /* XcodeFramework.h */,
				4FDEB6E221E2F18600EBC1F1 /* Info.plist */,
			);
			path = XcodeFramework;
			sourceTree = "<group>";
		};
		4FDEB6EB21E2F18600EBC1F1 /* XcodeFrameworkTests */ = {
			isa = PBXGroup;
			children = (
				4FDEB6EC21E2F18600EBC1F1 /* XcodeFrameworkTests.m */,
				4FDEB6EE21E2F18600EBC1F1 /* Info.plist */,
			);
			path = XcodeFrameworkTests;
			sourceTree = "<group>";
		};
/* End PBXGroup section */

/* Begin PBXHeadersBuildPhase section */
		4FDEB6D921E2F18600EBC1F1 /* Headers */ = {
			isa = PBXHeadersBuildPhase;
			buildActionMask = 2147483647;
			files = (
				4FDEB6EF21E2F18600EBC1F1 /* XcodeFramework.h in Headers */,
			);
			runOnlyForDeploymentPostprocessing = 0;
		};
/* End PBXHeadersBuildPhase section */

/* Begin PBXNativeTarget section */
		4FDEB6DD21E2F18600EBC1F1 /* XcodeFramework */ = {
			isa = PBXNativeTarget;
			buildConfigurationList = 4FDEB6F221E2F18600EBC1F1 /* Build configuration list for PBXNativeTarget "XcodeFramework" */;
			buildPhases = (
				4FDEB6D921E2F18600EBC1F1 /* Headers */,
				4FDEB6DA21E2F18600EBC1F1 /* Sources */,
				4FDEB6DB21E2F18600EBC1F1 /* Frameworks */,
				4FDEB6DC21E2F18600EBC1F1 /* Resources */,
			);
			buildRules = (
			);
			dependencies = (
			);
			name = XcodeFramework;
			productName = XcodeFramework;
			productReference = 4FDEB6DE21E2F18600EBC1F1 /* XcodeFramework.framework */;
			productType = "com.apple.product-type.framework";
		};
		4FDEB6E621E2F18600EBC1F1 /* XcodeFrameworkTests */ = {
			isa = PBXNativeTarget;
			buildConfigurationList = 4FDEB6F521E2F18600EBC1F1 /* Build configuration list for PBXNativeTarget "XcodeFrameworkTests" */;
			buildPhases = (
				4FDEB6E321E2F18600EBC1F1 /* Sources */,
				4FDEB6E421E2F18600EBC1F1 /* Frameworks */,
				4FDEB6E521E2F18600EBC1F1 /* Resources */,
			);
			buildRules = (
			);
			dependencies = (
				4FDEB6EA21E2F18600EBC1F1 /* PBXTargetDependency */,
			);
			name = XcodeFrameworkTests;
			productName = XcodeFrameworkTests;
			productReference = 4FDEB6E721E2F18600EBC1F1 /* XcodeFrameworkTests.xctest */;
			productType = "com.apple.product-type.bundle.unit-test";
		};
/* End PBXNativeTarget section */

/* Begin PBXProject section */
		4FDEB6D521E2F18600EBC1F1 /* Project object */ = {
			isa = PBXProject;
			attributes = {
				LastUpgradeCheck = 1010;
				TargetAttributes = {
					4FDEB6DD21E2F18600EBC1F1 = {
						CreatedOnToolsVersion = 10.1;
					};
					4FDEB6E621E2F18600EBC1F1 = {
						CreatedOnToolsVersion = 10.1;
					};
				};
			};
			buildConfigurationList = 4FDEB6D821E2F18600EBC1F1 /* Build configuration list for PBXProject "XcodeFramework" */;
			compatibilityVersion = "Xcode 9.3";
			developmentRegion = en;
			hasScannedForEncodings = 0;
			knownRegions = (
				en,
			);
			mainGroup = 4FDEB6D421E2F18600EBC1F1;
			productRefGroup = 4FDEB6DF21E2F18600EBC1F1 /* Products */;
			projectDirPath = "";
			projectRoot = "";
			targets = (
				4FDEB6DD21E2F18600EBC1F1 /* XcodeFramework */,
				4FDEB6E621E2F18600EBC1F1 /* XcodeFrameworkTests */,
			);
		};
/* End PBXProject section */

/* Begin PBXResourcesBuildPhase section */
		4FDEB6DC21E2F18600EBC1F1 /* Resources */ = {
			isa = PBXResourcesBuildPhase;
			buildActionMask = 2147483647;
			files = (
			);
			runOnlyForDeploymentPostprocessing = 0;
		};
		4FDEB6E521E2F18600EBC1F1 /* Resources */ = {
			isa = PBXResourcesBuildPhase;
			buildActionMask = 2147483647;
			files = (
			);
			runOnlyForDeploymentPostprocessing = 0;
		};
/* End PBXResourcesBuildPhase section */

/* Begin PBXSourcesBuildPhase section */
		4FDEB6DA21E2F18600EBC1F1 /* Sources */ = {
			isa = PBXSourcesBuildPhase;
			buildActionMask = 2147483647;
			files = (
			);
			runOnlyForDeploymentPostprocessing = 0;
		};
		4FDEB6E321E2F18600EBC1F1 /* Sources */ = {
			isa = PBXSourcesBuildPhase;
			buildActionMask = 2147483647;
			files = (
				4FDEB6ED21E2F18600EBC1F1 /* XcodeFrameworkTests.m in Sources */,
			);
			runOnlyForDeploymentPostprocessing = 0;
		};
/* End PBXSourcesBuildPhase section */

/* Begin PBXTargetDependency section */
		4FDEB6EA21E2F18600EBC1F1 /* PBXTargetDependency */ = {
			isa = PBXTargetDependency;
			target = 4FDEB6DD21E2F18600EBC1F1 /* XcodeFramework */;
			targetProxy = 4FDEB6E921E2F18600EBC1F1 /* PBXContainerItemProxy */;
		};
/* End PBXTargetDependency section */

/* Begin XCBuildConfiguration section */
		4FDEB6F021E2F18600EBC1F1 /* Debug */ = {
			isa = XCBuildConfiguration;
			buildSettings = {
				ALWAYS_SEARCH_USER_PATHS = NO;
				CLANG_ANALYZER_NONNULL = YES;
				CLANG_ANALYZER_NUMBER_OBJECT_CONVERSION = YES_AGGRESSIVE;
				CLANG_CXX_LANGUAGE_STANDARD = "gnu++14";
				CLANG_CXX_LIBRARY = "libc++";
				CLANG_ENABLE_MODULES = YES;
				CLANG_ENABLE_OBJC_ARC = YES;
				CLANG_ENABLE_OBJC_WEAK = YES;
				CLANG_WARN_BLOCK_CAPTURE_AUTORELEASING = YES;
				CLANG_WARN_BOOL_CONVERSION = YES;
				CLANG_WARN_COMMA = YES;
				CLANG_WARN_CONSTANT_CONVERSION = YES;
				CLANG_WARN_DEPRECATED_OBJC_IMPLEMENTATIONS = YES;
				CLANG_WARN_DIRECT_OBJC_ISA_USAGE = YES_ERROR;
				CLANG_WARN_DOCUMENTATION_COMMENTS = YES;
				CLANG_WARN_EMPTY_BODY = YES;
				CLANG_WARN_ENUM_CONVERSION = YES;
				CLANG_WARN_INFINITE_RECURSION = YES;
				CLANG_WARN_INT_CONVERSION = YES;
				CLANG_WARN_NON_LITERAL_NULL_CONVERSION = YES;
				CLANG_WARN_OBJC_IMPLICIT_RETAIN_SELF = YES;
				CLANG_WARN_OBJC_LITERAL_CONVERSION = YES;
				CLANG_WARN_OBJC_ROOT_CLASS = YES_ERROR;
				CLANG_WARN_RANGE_LOOP_ANALYSIS = YES;
				CLANG_WARN_STRICT_PROTOTYPES = YES;
				CLANG_WARN_SUSPICIOUS_MOVE = YES;
				CLANG_WARN_UNGUARDED_AVAILABILITY = YES_AGGRESSIVE;
				CLANG_WARN_UNREACHABLE_CODE = YES;
				CLANG_WARN__DUPLICATE_METHOD_MATCH = YES;
				CODE_SIGN_IDENTITY = "iPhone Developer";
				COPY_PHASE_STRIP = NO;
				CURRENT_PROJECT_VERSION = 1;
				DEBUG_INFORMATION_FORMAT = dwarf;
				ENABLE_STRICT_OBJC_MSGSEND = YES;
				ENABLE_TESTABILITY = YES;
				GCC_C_LANGUAGE_STANDARD = gnu11;
				GCC_DYNAMIC_NO_PIC = NO;
				GCC_NO_COMMON_BLOCKS = YES;
				GCC_OPTIMIZATION_LEVEL = 0;
				GCC_PREPROCESSOR_DEFINITIONS = (
					"DEBUG=1",
					"$(inherited)",
				);
				GCC_WARN_64_TO_32_BIT_CONVERSION = YES;
				GCC_WARN_ABOUT_RETURN_TYPE = YES_ERROR;
				GCC_WARN_UNDECLARED_SELECTOR = YES;
				GCC_WARN_UNINITIALIZED_AUTOS = YES_AGGRESSIVE;
				GCC_WARN_UNUSED_FUNCTION = YES;
				GCC_WARN_UNUSED_VARIABLE = YES;
				IPHONEOS_DEPLOYMENT_TARGET = 12.1;
				MTL_ENABLE_DEBUG_INFO = INCLUDE_SOURCE;
				MTL_FAST_MATH = YES;
				ONLY_ACTIVE_ARCH = YES;
				SDKROOT = iphoneos;
				VERSIONING_SYSTEM = "apple-generic";
				VERSION_INFO_PREFIX = "";
			};
			name = Debug;
		};
		4FDEB6F121E2F18600EBC1F1 /* Release */ = {
			isa = XCBuildConfiguration;
			buildSettings = {
				ALWAYS_SEARCH_USER_PATHS = NO;
				CLANG_ANALYZER_NONNULL = YES;
				CLANG_ANALYZER_NUMBER_OBJECT_CONVERSION = YES_AGGRESSIVE;
				CLANG_CXX_LANGUAGE_STANDARD = "gnu++14";
				CLANG_CXX_LIBRARY = "libc++";
				CLANG_ENABLE_MODULES = YES;
				CLANG_ENABLE_OBJC_ARC = YES;
				CLANG_ENABLE_OBJC_WEAK = YES;
				CLANG_WARN_BLOCK_CAPTURE_AUTORELEASING = YES;
				CLANG_WARN_BOOL_CONVERSION = YES;
				CLANG_WARN_COMMA = YES;
				CLANG_WARN_CONSTANT_CONVERSION = YES;
				CLANG_WARN_DEPRECATED_OBJC_IMPLEMENTATIONS = YES;
				CLANG_WARN_DIRECT_OBJC_ISA_USAGE = YES_ERROR;
				CLANG_WARN_DOCUMENTATION_COMMENTS = YES;
				CLANG_WARN_EMPTY_BODY = YES;
				CLANG_WARN_ENUM_CONVERSION = YES;
				CLANG_WARN_INFINITE_RECURSION = YES;
				CLANG_WARN_INT_CONVERSION = YES;
				CLANG_WARN_NON_LITERAL_NULL_CONVERSION = YES;
				CLANG_WARN_OBJC_IMPLICIT_RETAIN_SELF = YES;
				CLANG_WARN_OBJC_LITERAL_CONVERSION = YES;
				CLANG_WARN_OBJC_ROOT_CLASS = YES_ERROR;
				CLANG_WARN_RANGE_LOOP_ANALYSIS = YES;
				CLANG_WARN_STRICT_PROTOTYPES = YES;
				CLANG_WARN_SUSPICIOUS_MOVE = YES;
				CLANG_WARN_UNGUARDED_AVAILABILITY = YES_AGGRESSIVE;
				CLANG_WARN_UNREACHABLE_CODE = YES;
				CLANG_WARN__DUPLICATE_METHOD_MATCH = YES;
				CODE_SIGN_IDENTITY = "iPhone Developer";
				COPY_PHASE_STRIP = NO;
				CURRENT_PROJECT_VERSION = 1;
				DEBUG_INFORMATION_FORMAT = "dwarf-with-dsym";
				ENABLE_NS_ASSERTIONS = NO;
				ENABLE_STRICT_OBJC_MSGSEND = YES;
				GCC_C_LANGUAGE_STANDARD = gnu11;
				GCC_NO_COMMON_BLOCKS = YES;
				GCC_WARN_64_TO_32_BIT_CONVERSION = YES;
				GCC_WARN_ABOUT_RETURN_TYPE = YES_ERROR;
				GCC_WARN_UNDECLARED_SELECTOR = YES;
				GCC_WARN_UNINITIALIZED_AUTOS = YES_AGGRESSIVE;
				GCC_WARN_UNUSED_FUNCTION = YES;
				GCC_WARN_UNUSED_VARIABLE = YES;
				IPHONEOS_DEPLOYMENT_TARGET = 12.1;
				MTL_ENABLE_DEBUG_INFO = NO;
				MTL_FAST_MATH = YES;
				SDKROOT = iphoneos;
				VALIDATE_PRODUCT = YES;
				VERSIONING_SYSTEM = "apple-generic";
				VERSION_INFO_PREFIX = "";
			};
			name = Release;
		};
		4FDEB6F321E2F18600EBC1F1 /* Debug */ = {
			isa = XCBuildConfiguration;
			buildSettings = {
				CODE_SIGN_IDENTITY = "";
				CODE_SIGN_STYLE = Automatic;
				DEFINES_MODULE = YES;
				DYLIB_COMPATIBILITY_VERSION = 1;
				DYLIB_CURRENT_VERSION = 1;
				DYLIB_INSTALL_NAME_BASE = "@rpath";
				INFOPLIST_FILE = XcodeFramework/Info.plist;
				INSTALL_PATH = "$(LOCAL_LIBRARY_DIR)/Frameworks";
				LD_RUNPATH_SEARCH_PATHS = (
					"$(inherited)",
					"@executable_path/Frameworks",
					"@loader_path/Frameworks",
				);
				PRODUCT_BUNDLE_IDENTIFIER = test.XcodeFramework;
				PRODUCT_NAME = "$(TARGET_NAME:c99extidentifier)";
				SKIP_INSTALL = YES;
				TARGETED_DEVICE_FAMILY = "1,2";
			};
			name = Debug;
		};
		4FDEB6F421E2F18600EBC1F1 /* Release */ = {
			isa = XCBuildConfiguration;
			buildSettings = {
				CODE_SIGN_IDENTITY = "";
				CODE_SIGN_STYLE = Automatic;
				DEFINES_MODULE = YES;
				DYLIB_COMPATIBILITY_VERSION = 1;
				DYLIB_CURRENT_VERSION = 1;
				DYLIB_INSTALL_NAME_BASE = "@rpath";
				INFOPLIST_FILE = XcodeFramework/Info.plist;
				INSTALL_PATH = "$(LOCAL_LIBRARY_DIR)/Frameworks";
				LD_RUNPATH_SEARCH_PATHS = (
					"$(inherited)",
					"@executable_path/Frameworks",
					"@loader_path/Frameworks",
				);
				PRODUCT_BUNDLE_IDENTIFIER = test.XcodeFramework;
				PRODUCT_NAME = "$(TARGET_NAME:c99extidentifier)";
				SKIP_INSTALL = YES;
				TARGETED_DEVICE_FAMILY = "1,2";
			};
			name = Release;
		};
		4FDEB6F621E2F18600EBC1F1 /* Debug */ = {
			isa = XCBuildConfiguration;
			buildSettings = {
				CODE_SIGN_STYLE = Automatic;
				INFOPLIST_FILE = XcodeFrameworkTests/Info.plist;
				LD_RUNPATH_SEARCH_PATHS = (
					"$(inherited)",
					"@executable_path/Frameworks",
					"@loader_path/Frameworks",
				);
				PRODUCT_BUNDLE_IDENTIFIER = test.XcodeFrameworkTests;
				PRODUCT_NAME = "$(TARGET_NAME)";
				TARGETED_DEVICE_FAMILY = "1,2";
			};
			name = Debug;
		};
		4FDEB6F721E2F18600EBC1F1 /* Release */ = {
			isa = XCBuildConfiguration;
			buildSettings = {
				CODE_SIGN_STYLE = Automatic;
				INFOPLIST_FILE = XcodeFrameworkTests/Info.plist;
				LD_RUNPATH_SEARCH_PATHS = (
					"$(inherited)",
					"@executable_path/Frameworks",
					"@loader_path/Frameworks",
				);
				PRODUCT_BUNDLE_IDENTIFIER = test.XcodeFrameworkTests;
				PRODUCT_NAME = "$(TARGET_NAME)";
				TARGETED_DEVICE_FAMILY = "1,2";
			};
			name = Release;
		};
/* End XCBuildConfiguration section */

/* Begin XCConfigurationList section */
		4FDEB6D821E2F18600EBC1F1 /* Build configuration list for PBXProject "XcodeFramework" */ = {
			isa = XCConfigurationList;
			buildConfigurations = (
				4FDEB6F021E2F18600EBC1F1 /* Debug */,
				4FDEB6F121E2F18600EBC1F1 /* Release */,
			);
			defaultConfigurationIsVisible = 0;
			defaultConfigurationName = Release;
		};
		4FDEB6F221E2F18600EBC1F1 /* Build configuration list for PBXNativeTarget "XcodeFramework" */ = {
			isa = XCConfigurationList;
			buildConfigurations = (
				4FDEB6F321E2F18600EBC1F1 /* Debug */,
				4FDEB6F421E2F18600EBC1F1 /* Release */,
			);
			defaultConfigurationIsVisible = 0;
			defaultConfigurationName = Release;
		};
		4FDEB6F521E2F18600EBC1F1 /* Build configuration list for PBXNativeTarget "XcodeFrameworkTests" */ = {
			isa = XCConfigurationList;
			buildConfigurations = (
				4FDEB6F621E2F18600EBC1F1 /* Debug */,
				4FDEB6F721E2F18600EBC1F1 /* Release */,
			);
			defaultConfigurationIsVisible = 0;
			defaultConfigurationName = Release;
		};
/* End XCConfigurationList section */
	};
	rootObject = 4FDEB6D521E2F18600EBC1F1 /* Project object */;
}
